<?xml version="1.0" encoding="utf-8"?>
<Project ToolsVersion="4.0" xmlns="http://schemas.microsoft.com/developer/msbuild/2003">
  <ItemGroup>
    <Filter Include="Pliki źródłowe">
      <UniqueIdentifier>{4FC737F1-C7A5-4376-A066-2A32D752A2FF}</UniqueIdentifier>
      <Extensions>cpp;c;cc;cxx;c++;cppm;ixx;def;odl;idl;hpj;bat;asm;asmx</Extensions>
    </Filter>
    <Filter Include="Pliki nagłówkowe">
      <UniqueIdentifier>{93995380-89BD-4b04-88EB-625FBE52EBFB}</UniqueIdentifier>
      <Extensions>h;hh;hpp;hxx;h++;hm;inl;inc;ipp;xsd</Extensions>
    </Filter>
    <Filter Include="Pliki zasobów">
      <UniqueIdentifier>{67DA6AB6-F800-4c08-8B7A-83BB121AAD01}</UniqueIdentifier>
      <Extensions>rc;ico;cur;bmp;dlg;rc2;rct;bin;rgs;gif;jpg;jpeg;jpe;resx;tiff;tif;png;wav;mfcribbon-ms</Extensions>
    </Filter>
    <Filter Include="Pliki zasobów\icons">
      <UniqueIdentifier>{6fdbdf66-13f9-43f3-a458-08fd1372a960}</UniqueIdentifier>
    </Filter>
    <Filter Include="Game">
      <UniqueIdentifier>{ee87a97f-a10b-4945-bbb2-6d917966fe70}</UniqueIdentifier>
    </Filter>
    <Filter Include="Game\Deck">
      <UniqueIdentifier>{086874a6-7aca-4619-89e5-77664622f293}</UniqueIdentifier>
    </Filter>
    <Filter Include="Game\Card">
      <UniqueIdentifier>{2bcbb80f-6f1f-498e-93cd-dc972e464a6b}</UniqueIdentifier>
    </Filter>
    <Filter Include="Game\Player">
      <UniqueIdentifier>{9efaf726-cf01-412d-a4f1-382be5a0fe25}</UniqueIdentifier>
    </Filter>
    <Filter Include="Game\Croupier">
      <UniqueIdentifier>{362b2f22-e07d-4383-8f6b-854c50678fe0}</UniqueIdentifier>
    </Filter>
    <Filter Include="Game\Hand">
      <UniqueIdentifier>{63ee07aa-3241-44bb-9b0d-2295c12de7a1}</UniqueIdentifier>
    </Filter>
    <Filter Include="Game\Bet">
      <UniqueIdentifier>{67f7e266-d7a5-4442-9979-a2e934be757d}</UniqueIdentifier>
    </Filter>
    <Filter Include="Game\Core">
      <UniqueIdentifier>{ada7b082-d961-45ba-9675-ca6cd4eafa05}</UniqueIdentifier>
    </Filter>
    <Filter Include="Pliki zasobów\cards">
      <UniqueIdentifier>{3a75dd22-d0cb-4d2e-a34b-010591bb6298}</UniqueIdentifier>
    </Filter>
  </ItemGroup>
  <ItemGroup>
    <ClCompile Include="main.cpp">
      <Filter>Pliki źródłowe</Filter>
    </ClCompile>
    <ClCompile Include="Card.cpp">
      <Filter>Game\Card</Filter>
    </ClCompile>
    <ClCompile Include="MenuForm.cpp">
      <Filter>Pliki nagłówkowe</Filter>
    </ClCompile>
    <ClCompile Include="GameForm.cpp">
      <Filter>Pliki nagłówkowe</Filter>
    </ClCompile>
    <ClCompile Include="Hand.cpp">
      <Filter>Game\Hand</Filter>
    </ClCompile>
    <ClCompile Include="Deck.cpp">
      <Filter>Game\Deck</Filter>
    </ClCompile>
    <ClCompile Include="Croupier.cpp">
      <Filter>Game\Croupier</Filter>
    </ClCompile>
    <ClCompile Include="Player.cpp">
      <Filter>Game\Player</Filter>
    </ClCompile>
    <ClCompile Include="Bet.cpp">
      <Filter>Game\Bet</Filter>
    </ClCompile>
    <ClCompile Include="Core.cpp">
      <Filter>Game\Core</Filter>
    </ClCompile>
    <ClCompile Include="AboutMeFormh.cpp">
      <Filter>Pliki nagłówkowe</Filter>
    </ClCompile>
  </ItemGroup>
  <ItemGroup>
    <ClInclude Include="MenuForm.h">
      <Filter>Pliki nagłówkowe</Filter>
    </ClInclude>
    <ClInclude Include="GameForm.h">
      <Filter>Pliki nagłówkowe</Filter>
    </ClInclude>
    <ClInclude Include="Core.hpp">
      <Filter>Game\Core</Filter>
    </ClInclude>
    <ClInclude Include="Player.hpp">
      <Filter>Game\Player</Filter>
    </ClInclude>
    <ClInclude Include="Bet.hpp">
      <Filter>Game\Bet</Filter>
    </ClInclude>
    <ClInclude Include="Hand.hpp">
      <Filter>Game\Hand</Filter>
    </ClInclude>
    <ClInclude Include="Card.hpp">
      <Filter>Game\Card</Filter>
    </ClInclude>
    <ClInclude Include="Croupier.hpp">
      <Filter>Game\Croupier</Filter>
    </ClInclude>
    <ClInclude Include="Deck.hpp">
      <Filter>Game\Deck</Filter>
    </ClInclude>
    <ClInclude Include="AboutMeFormh.h">
      <Filter>Pliki nagłówkowe</Filter>
    </ClInclude>
  </ItemGroup>
  <ItemGroup>
    <Image Include="icon.ico">
      <Filter>Pliki zasobów\icons</Filter>
    </Image>
    <Image Include="cards\33.png">
      <Filter>Pliki zasobów\cards</Filter>
    </Image>
    <Image Include="cards\34.png">
      <Filter>Pliki zasobów\cards</Filter>
    </Image>
    <Image Include="cards\35.png">
      <Filter>Pliki zasobów\cards</Filter>
    </Image>
    <Image Include="cards\36.png">
      <Filter>Pliki zasobów\cards</Filter>
    </Image>
    <Image Include="cards\37.png">
      <Filter>Pliki zasobów\cards</Filter>
    </Image>
    <Image Include="cards\38.png">
      <Filter>Pliki zasobów\cards</Filter>
    </Image>
    <Image Include="cards\39.png">
      <Filter>Pliki zasobów\cards</Filter>
    </Image>
    <Image Include="cards\42.png">
      <Filter>Pliki zasobów\cards</Filter>
    </Image>
    <Image Include="cards\43.png">
      <Filter>Pliki zasobów\cards</Filter>
    </Image>
    <Image Include="cards\44.png">
      <Filter>Pliki zasobów\cards</Filter>
    </Image>
    <Image Include="cards\45.png">
      <Filter>Pliki zasobów\cards</Filter>
    </Image>
    <Image Include="cards\46.png">
      <Filter>Pliki zasobów\cards</Filter>
    </Image>
    <Image Include="cards\47.png">
      <Filter>Pliki zasobów\cards</Filter>
    </Image>
    <Image Include="cards\48.png">
      <Filter>Pliki zasobów\cards</Filter>
    </Image>
    <Image Include="cards\49.png">
      <Filter>Pliki zasobów\cards</Filter>
    </Image>
    <Image Include="cards\110.png">
      <Filter>Pliki zasobów\cards</Filter>
    </Image>
    <Image Include="cards\111.png">
      <Filter>Pliki zasobów\cards</Filter>
    </Image>
    <Image Include="cards\210.png">
      <Filter>Pliki zasobów\cards</Filter>
    </Image>
    <Image Include="cards\211.png">
      <Filter>Pliki zasobów\cards</Filter>
    </Image>
    <Image Include="cards\310.png">
      <Filter>Pliki zasobów\cards</Filter>
    </Image>
    <Image Include="cards\311.png">
      <Filter>Pliki zasobów\cards</Filter>
    </Image>
    <Image Include="cards\410.png">
      <Filter>Pliki zasobów\cards</Filter>
    </Image>
    <Image Include="cards\411.png">
      <Filter>Pliki zasobów\cards</Filter>
    </Image>
    <Image Include="cards\12.png">
      <Filter>Pliki zasobów\cards</Filter>
    </Image>
    <Image Include="cards\13.png">
      <Filter>Pliki zasobów\cards</Filter>
    </Image>
    <Image Include="cards\14.png">
      <Filter>Pliki zasobów\cards</Filter>
    </Image>
    <Image Include="cards\15.png">
      <Filter>Pliki zasobów\cards</Filter>
    </Image>
    <Image Include="cards\16.png">
      <Filter>Pliki zasobów\cards</Filter>
    </Image>
    <Image Include="cards\17.png">
      <Filter>Pliki zasobów\cards</Filter>
    </Image>
    <Image Include="cards\18.png">
      <Filter>Pliki zasobów\cards</Filter>
    </Image>
    <Image Include="cards\19.png">
      <Filter>Pliki zasobów\cards</Filter>
    </Image>
    <Image Include="cards\22.png">
      <Filter>Pliki zasobów\cards</Filter>
    </Image>
    <Image Include="cards\23.png">
      <Filter>Pliki zasobów\cards</Filter>
    </Image>
    <Image Include="cards\24.png">
      <Filter>Pliki zasobów\cards</Filter>
    </Image>
    <Image Include="cards\25.png">
      <Filter>Pliki zasobów\cards</Filter>
    </Image>
    <Image Include="cards\26.png">
      <Filter>Pliki zasobów\cards</Filter>
    </Image>
    <Image Include="cards\27.png">
      <Filter>Pliki zasobów\cards</Filter>
    </Image>
    <Image Include="cards\28.png">
      <Filter>Pliki zasobów\cards</Filter>
    </Image>
    <Image Include="cards\29.png">
      <Filter>Pliki zasobów\cards</Filter>
    </Image>
    <Image Include="cards\32.png">
      <Filter>Pliki zasobów\cards</Filter>
    </Image>
  </ItemGroup>
</Project>